
Microsoft Visual Studio Solution File, Format Version 12.00
# Visual Studio Version 16
VisualStudioVersion = 16.0.30517.126
MinimumVisualStudioVersion = 10.0.40219.1
Project("{9A19103F-16F7-4668-BE54-9A1E7A4F7556}") = "Infotekka.ND.ClrExtract", "Infotekka.ND.ClrExtract\Infotekka.ND.ClrExtract.csproj", "{AA06DE12-2440-4BC0-8F97-30FC6B785F6A}"
EndProject
Project("{FAE04EC0-301F-11D3-BF4B-00C04F79EFBC}") = "Infotekka.ND.ClrExtract.Tests", "Infotekka.ND.ClrExtract.Tests\Infotekka.ND.ClrExtract.Tests.csproj", "{4D9180D1-9F33-4556-A0D6-BEE374F2EA7C}"
EndProject
Global
	GlobalSection(SolutionConfigurationPlatforms) = preSolution
		Debug|Any CPU = Debug|Any CPU
		Release|Any CPU = Release|Any CPU
	EndGlobalSection
	GlobalSection(ProjectConfigurationPlatforms) = postSolution
		{AA06DE12-2440-4BC0-8F97-30FC6B785F6A}.Debug|Any CPU.ActiveCfg = Debug|Any CPU
		{AA06DE12-2440-4BC0-8F97-30FC6B785F6A}.Debug|Any CPU.Build.0 = Debug|Any CPU
		{AA06DE12-2440-4BC0-8F97-30FC6B785F6A}.Release|Any CPU.ActiveCfg = Release|Any CPU
		{AA06DE12-2440-4BC0-8F97-30FC6B785F6A}.Release|Any CPU.Build.0 = Release|Any CPU
		{4D9180D1-9F33-4556-A0D6-BEE374F2EA7C}.Debug|Any CPU.ActiveCfg = Debug|Any CPU
		{4D9180D1-9F33-4556-A0D6-BEE374F2EA7C}.Debug|Any CPU.Build.0 = Debug|Any CPU
		{4D9180D1-9F33-4556-A0D6-BEE374F2EA7C}.Release|Any CPU.ActiveCfg = Release|Any CPU
		{4D9180D1-9F33-4556-A0D6-BEE374F2EA7C}.Release|Any CPU.Build.0 = Release|Any CPU
	EndGlobalSection
	GlobalSection(SolutionProperties) = preSolution
		HideSolutionNode = FALSE
	EndGlobalSection
	GlobalSection(ExtensibilityGlobals) = postSolution
		SolutionGuid = {DC40A7A6-B6B3-46E6-8D99-317688D5D5E8}
	EndGlobalSection
EndGlobal
