
Microsoft Visual Studio Solution File, Format Version 12.00
# Visual Studio Version 16
VisualStudioVersion = 16.0.29709.97
MinimumVisualStudioVersion = 10.0.40219.1
Project("{9A19103F-16F7-4668-BE54-9A1E7A4F7556}") = "Clrs", "Clrs\Clrs.csproj", "{58A13F3D-B188-491D-BF57-15149E8B91FA}"
EndProject
Project("{9A19103F-16F7-4668-BE54-9A1E7A4F7556}") = "Cryptography", "Cryptography\Cryptography.csproj", "{D6B15B81-C090-4CE9-AE32-CF30E8344E34}"
EndProject
Project("{9A19103F-16F7-4668-BE54-9A1E7A4F7556}") = "VerifiableCredentials", "VerifiableCredentials\VerifiableCredentials.csproj", "{2D07E1B3-62F9-4D31-B6A3-0CEB92823EC1}"
EndProject
Project("{9A19103F-16F7-4668-BE54-9A1E7A4F7556}") = "Tests", "Tests\Tests.csproj", "{C0B6461F-5E08-497C-8C37-BA796AB2A5BD}"
EndProject
Project("{2150E333-8FDC-42A3-9474-1A3956D46DE8}") = "_Solution", "_Solution", "{2AE9416C-E927-4BD5-833F-7EF05A1A5744}"
	ProjectSection(SolutionItems) = preProject
		Directory.Build.props = Directory.Build.props
	EndProjectSection
EndProject
Global
	GlobalSection(SolutionConfigurationPlatforms) = preSolution
		Debug|Any CPU = Debug|Any CPU
		Dev|Any CPU = Dev|Any CPU
		Qa|Any CPU = Qa|Any CPU
		Release|Any CPU = Release|Any CPU
	EndGlobalSection
	GlobalSection(ProjectConfigurationPlatforms) = postSolution
		{58A13F3D-B188-491D-BF57-15149E8B91FA}.Debug|Any CPU.ActiveCfg = Debug|Any CPU
		{58A13F3D-B188-491D-BF57-15149E8B91FA}.Debug|Any CPU.Build.0 = Debug|Any CPU
		{58A13F3D-B188-491D-BF57-15149E8B91FA}.Dev|Any CPU.ActiveCfg = Debug|Any CPU
		{58A13F3D-B188-491D-BF57-15149E8B91FA}.Dev|Any CPU.Build.0 = Debug|Any CPU
		{58A13F3D-B188-491D-BF57-15149E8B91FA}.Qa|Any CPU.ActiveCfg = Debug|Any CPU
		{58A13F3D-B188-491D-BF57-15149E8B91FA}.Qa|Any CPU.Build.0 = Debug|Any CPU
		{58A13F3D-B188-491D-BF57-15149E8B91FA}.Release|Any CPU.ActiveCfg = Release|Any CPU
		{58A13F3D-B188-491D-BF57-15149E8B91FA}.Release|Any CPU.Build.0 = Release|Any CPU
		{D6B15B81-C090-4CE9-AE32-CF30E8344E34}.Debug|Any CPU.ActiveCfg = Debug|Any CPU
		{D6B15B81-C090-4CE9-AE32-CF30E8344E34}.Debug|Any CPU.Build.0 = Debug|Any CPU
		{D6B15B81-C090-4CE9-AE32-CF30E8344E34}.Dev|Any CPU.ActiveCfg = Debug|Any CPU
		{D6B15B81-C090-4CE9-AE32-CF30E8344E34}.Dev|Any CPU.Build.0 = Debug|Any CPU
		{D6B15B81-C090-4CE9-AE32-CF30E8344E34}.Qa|Any CPU.ActiveCfg = Debug|Any CPU
		{D6B15B81-C090-4CE9-AE32-CF30E8344E34}.Qa|Any CPU.Build.0 = Debug|Any CPU
		{D6B15B81-C090-4CE9-AE32-CF30E8344E34}.Release|Any CPU.ActiveCfg = Release|Any CPU
		{D6B15B81-C090-4CE9-AE32-CF30E8344E34}.Release|Any CPU.Build.0 = Release|Any CPU
		{2D07E1B3-62F9-4D31-B6A3-0CEB92823EC1}.Debug|Any CPU.ActiveCfg = Debug|Any CPU
		{2D07E1B3-62F9-4D31-B6A3-0CEB92823EC1}.Debug|Any CPU.Build.0 = Debug|Any CPU
		{2D07E1B3-62F9-4D31-B6A3-0CEB92823EC1}.Dev|Any CPU.ActiveCfg = Dev|Any CPU
		{2D07E1B3-62F9-4D31-B6A3-0CEB92823EC1}.Dev|Any CPU.Build.0 = Dev|Any CPU
		{2D07E1B3-62F9-4D31-B6A3-0CEB92823EC1}.Qa|Any CPU.ActiveCfg = Qa|Any CPU
		{2D07E1B3-62F9-4D31-B6A3-0CEB92823EC1}.Qa|Any CPU.Build.0 = Qa|Any CPU
		{2D07E1B3-62F9-4D31-B6A3-0CEB92823EC1}.Release|Any CPU.ActiveCfg = Release|Any CPU
		{2D07E1B3-62F9-4D31-B6A3-0CEB92823EC1}.Release|Any CPU.Build.0 = Release|Any CPU
		{C0B6461F-5E08-497C-8C37-BA796AB2A5BD}.Debug|Any CPU.ActiveCfg = Debug|Any CPU
		{C0B6461F-5E08-497C-8C37-BA796AB2A5BD}.Debug|Any CPU.Build.0 = Debug|Any CPU
		{C0B6461F-5E08-497C-8C37-BA796AB2A5BD}.Dev|Any CPU.ActiveCfg = Debug|Any CPU
		{C0B6461F-5E08-497C-8C37-BA796AB2A5BD}.Dev|Any CPU.Build.0 = Debug|Any CPU
		{C0B6461F-5E08-497C-8C37-BA796AB2A5BD}.Qa|Any CPU.ActiveCfg = Debug|Any CPU
		{C0B6461F-5E08-497C-8C37-BA796AB2A5BD}.Qa|Any CPU.Build.0 = Debug|Any CPU
		{C0B6461F-5E08-497C-8C37-BA796AB2A5BD}.Release|Any CPU.ActiveCfg = Release|Any CPU
		{C0B6461F-5E08-497C-8C37-BA796AB2A5BD}.Release|Any CPU.Build.0 = Release|Any CPU
	EndGlobalSection
	GlobalSection(SolutionProperties) = preSolution
		HideSolutionNode = FALSE
	EndGlobalSection
	GlobalSection(ExtensibilityGlobals) = postSolution
		SolutionGuid = {40EF5FF2-2844-40B1-8374-22259BD063D2}
	EndGlobalSection
EndGlobal
